
Microsoft Visual Studio Solution File, Format Version 12.00
# Visual Studio 14
VisualStudioVersion = 14.0.24720.0
MinimumVisualStudioVersion = 10.0.40219.1
Project("{FAE04EC0-301F-11D3-BF4B-00C04F79EFBC}") = "FLHelper", "FLHelper.csproj", "{E1CCBB70-DD60-4FFD-93CD-69A0E7BB186E}"
EndProject
Project("{FAE04EC0-301F-11D3-BF4B-00C04F79EFBC}") = "FLHelperTest", "..\FLHelperTest\FLHelperTest\FLHelperTest.csproj", "{C6F4CB0D-3777-4C46-AE40-C685BBF85ED1}"
EndProject
Global
	GlobalSection(SolutionConfigurationPlatforms) = preSolution
		Debug|Any CPU = Debug|Any CPU
		Release|Any CPU = Release|Any CPU
	EndGlobalSection
	GlobalSection(ProjectConfigurationPlatforms) = postSolution
		{E1CCBB70-DD60-4FFD-93CD-69A0E7BB186E}.Debug|Any CPU.ActiveCfg = Debug|Any CPU
		{E1CCBB70-DD60-4FFD-93CD-69A0E7BB186E}.Debug|Any CPU.Build.0 = Debug|Any CPU
		{E1CCBB70-DD60-4FFD-93CD-69A0E7BB186E}.Release|Any CPU.ActiveCfg = Release|Any CPU
		{E1CCBB70-DD60-4FFD-93CD-69A0E7BB186E}.Release|Any CPU.Build.0 = Release|Any CPU
		{C6F4CB0D-3777-4C46-AE40-C685BBF85ED1}.Debug|Any CPU.ActiveCfg = Debug|Any CPU
		{C6F4CB0D-3777-4C46-AE40-C685BBF85ED1}.Debug|Any CPU.Build.0 = Debug|Any CPU
		{C6F4CB0D-3777-4C46-AE40-C685BBF85ED1}.Release|Any CPU.ActiveCfg = Release|Any CPU
		{C6F4CB0D-3777-4C46-AE40-C685BBF85ED1}.Release|Any CPU.Build.0 = Release|Any CPU
	EndGlobalSection
	GlobalSection(SolutionProperties) = preSolution
		HideSolutionNode = FALSE
	EndGlobalSection
EndGlobal
